<?xml version="1.0" encoding="utf-8"?>
<Project ToolsVersion="4.0" xmlns="http://schemas.microsoft.com/developer/msbuild/2003">
  <ItemGroup>
    <Filter Include="src">
      <UniqueIdentifier>{2DAB880B-99B4-887C-2230-9F7C8E38947C}</UniqueIdentifier>
    </Filter>
    <Filter Include="vendor">
      <UniqueIdentifier>{B3738122-9F15-ACF8-88D0-BF4C74113349}</UniqueIdentifier>
    </Filter>
    <Filter Include="vendor\glad">
      <UniqueIdentifier>{9A8E79C1-0644-F2B6-8F38-EC8DFBECE8BA}</UniqueIdentifier>
    </Filter>
    <Filter Include="vendor\glad\src">
      <UniqueIdentifier>{B1098FEA-1D95-FCAE-26A6-7FA392B058AF}</UniqueIdentifier>
    </Filter>
  </ItemGroup>
  <ItemGroup>
    <ClInclude Include="src\AABB.h">
      <Filter>src</Filter>
    </ClInclude>
    <ClInclude Include="src\Ball.h">
      <Filter>src</Filter>
    </ClInclude>
    <ClInclude Include="src\Camera.h">
      <Filter>src</Filter>
    </ClInclude>
    <ClInclude Include="src\Collision.h">
      <Filter>src</Filter>
    </ClInclude>
    <ClInclude Include="src\EBO.h">
      <Filter>src</Filter>
    </ClInclude>
    <ClInclude Include="src\Game.h">
      <Filter>src</Filter>
    </ClInclude>
    <ClInclude Include="src\InputSystem.h">
      <Filter>src</Filter>
    </ClInclude>
    <ClInclude Include="src\Player.h">
      <Filter>src</Filter>
    </ClInclude>
    <ClInclude Include="src\Quad.h">
      <Filter>src</Filter>
    </ClInclude>
    <ClInclude Include="src\RenderSystem.h">
      <Filter>src</Filter>
    </ClInclude>
    <ClInclude Include="src\ScoreSystem.h">
      <Filter>src</Filter>
    </ClInclude>
    <ClInclude Include="src\Shader.h">
      <Filter>src</Filter>
    </ClInclude>
    <ClInclude Include="src\Texture.h">
      <Filter>src</Filter>
    </ClInclude>
    <ClInclude Include="src\Utils.h">
      <Filter>src</Filter>
    </ClInclude>
    <ClInclude Include="src\VAO.h">
      <Filter>src</Filter>
    </ClInclude>
    <ClInclude Include="src\VBO.h">
      <Filter>src</Filter>
    </ClInclude>
    <ClInclude Include="src\Vertex.h">
      <Filter>src</Filter>
    </ClInclude>
  </ItemGroup>
  <ItemGroup>
    <ClCompile Include="src\Application.cpp">
      <Filter>src</Filter>
    </ClCompile>
    <ClCompile Include="src\Ball.cpp">
      <Filter>src</Filter>
    </ClCompile>
    <ClCompile Include="src\Camera.cpp">
      <Filter>src</Filter>
    </ClCompile>
    <ClCompile Include="src\EBO.cpp">
      <Filter>src</Filter>
    </ClCompile>
    <ClCompile Include="src\Game.cpp">
      <Filter>src</Filter>
    </ClCompile>
    <ClCompile Include="src\InputSystem.cpp">
      <Filter>src</Filter>
    </ClCompile>
    <ClCompile Include="src\Player.cpp">
      <Filter>src</Filter>
    </ClCompile>
    <ClCompile Include="src\Quad.cpp">
      <Filter>src</Filter>
    </ClCompile>
    <ClCompile Include="src\RenderSystem.cpp">
      <Filter>src</Filter>
    </ClCompile>
    <ClCompile Include="src\ScoreSystem.cpp">
      <Filter>src</Filter>
    </ClCompile>
    <ClCompile Include="src\Shader.cpp">
      <Filter>src</Filter>
    </ClCompile>
    <ClCompile Include="src\Texture.cpp">
      <Filter>src</Filter>
    </ClCompile>
    <ClCompile Include="src\VAO.cpp">
      <Filter>src</Filter>
    </ClCompile>
    <ClCompile Include="src\VBO.cpp">
      <Filter>src</Filter>
    </ClCompile>
    <ClCompile Include="vendor\glad\src\glad.c">
      <Filter>vendor\glad\src</Filter>
    </ClCompile>
  </ItemGroup>
</Project>